{
  "mcr.microsoft.com/playwright:v1.60.0-jammy": "sha256:e1529a04087193966ea15d4a1617345bdaa0791690a24ab2c42b65f9ce5b2cdc",
  "caddy:2.11.3-builder": "sha256:f96a3b748f2ce4e5f6595453615da734b93993b231213fe35d0673893b5613ef",
  "caddy:2.11.3-alpine": "sha256:86deaf5e3d3408a6ccec08fbb79989783dd26e206ae10bcf78a801dc8c9ab794",
  "node:20.20.2-alpine": "sha256:fb4cd12c85ee03686f6af5362a0b0d56d50c58a04632e6c0fb8363f609372293",
  "hashicorp/vault:1.17": "sha256:74a4ab138ab5d64725e89cd9a9c73f7040c7fe49e98b71697b275ca9a69919df",
  "postgres:16.4-alpine": "sha256:5660c2cbfea50c7a9127d17dc4e48543eedd3d7a41a595a2dfa572471e37e64c",
  "neo4j:5.23-community": "sha256:1c7b2197f0fcb5d9ed6456804121667262b3cd0cee8f9e6889d17e265c0b3cb9",
  "redis:7.4-alpine": "sha256:6ab0b6e7381779332f97b8ca76193e45b0756f38d4c0dcda72dbb3c32061ab99",
  "ipfs/kubo:v0.30.0": "sha256:6a8e6e0e926be6c6664fc6188d9fdd44dfcd5a77bc9c0d3e37d8b8dcc9c6c014",
  "ipfs/ipfs-cluster:v1.1.2": "sha256:357025e3ca5e038d421e20ddad9c8bc91437eadf41b92de4d79cab59c50acf7a",
  "hashicorp/vault:1.17.5": "sha256:dabbf3fd2ef0858795848a61c6b6865305eec16b144e03dfc6a550a13b0211e6",
  "quay.io/keycloak/keycloak:25.0.6": "sha256:82c5b7a110456dbd42b86ea572e728878549954cc8bd03cd65410d75328095d2",
  "dperson/torproxy:latest": "sha256:d8b5f1cf24f1b7a0aa334929a264b2606a107223dd0d51eb1cda8aae6fbeec53",
  "prom/alertmanager:v0.27.0": "sha256:e13b6ed5cb929eeaee733479dce55e10eb3bc2e9c4586c705a4e8da41e5eacf5",
  "docker.elastic.co/logstash/logstash:8.15.3": "sha256:35a566a2c4d3be55451443d76d9f5977982d8413e5edb02e383f658c06bab087",
  "docker.elastic.co/beats/filebeat:8.15.3": "sha256:7127c160db449848847f08801f61e56da67d6e85b233b1f8e191f980f3d13e4b",
  "hyperledger/fabric-tools:2.5.10": "sha256:76d5331dc33f1e58ae0aa1c74c56b2ff80ecaf8d304da93a0af8ecfa62e00938",
  "hyperledger/fabric-orderer:2.5.10": "sha256:c2266d3b4ebc2489751ccddfac2628ef3030e89c266c0dd47430c56a4706df88",
  "hyperledger/fabric-peer:2.5.10": "sha256:e0c46dee095cfc18f88b61286b190ba7f527d0b132363f14d20e7b4ae35b3d26",
  "hyperledger/fabric-ca:1.5.13": "sha256:7e9ae6f0e9be95e300206228c67501a57521aa115369823de4aae592c5e468ec",
  "prom/prometheus:v2.55.0": "sha256:378f4e03703557d1c6419e6caccf922f96e6d88a530f7431d66a4c4f4b1000fe",
  "grafana/grafana:11.2.2": "sha256:d5133220d770aba5cb655147b619fa8770b90f41d8489a821d33b1cd34d16f89",
  "falcosecurity/falco-no-driver:0.39.0": "sha256:d3dd9326c4bb3cb9a0a0332f0ecfe90e27788aa6f042bfd501695cba4a7fbabd"
}
